
Microsoft Visual Studio Solution File, Format Version 12.00
# Visual Studio Version 16
VisualStudioVersion = 16.0.30104.148
MinimumVisualStudioVersion = 10.0.40219.1
Project("{FAE04EC0-301F-11D3-BF4B-00C04F79EFBC}") = "接口实现多重继承", "接口实现多重继承\接口实现多重继承.csproj", "{64E0AD96-A105-4E19-8529-3B0973F3EB65}"
EndProject
Global
	GlobalSection(SolutionConfigurationPlatforms) = preSolution
		Debug|Any CPU = Debug|Any CPU
		Release|Any CPU = Release|Any CPU
	EndGlobalSection
	GlobalSection(ProjectConfigurationPlatforms) = postSolution
		{64E0AD96-A105-4E19-8529-3B0973F3EB65}.Debug|Any CPU.ActiveCfg = Debug|Any CPU
		{64E0AD96-A105-4E19-8529-3B0973F3EB65}.Debug|Any CPU.Build.0 = Debug|Any CPU
		{64E0AD96-A105-4E19-8529-3B0973F3EB65}.Release|Any CPU.ActiveCfg = Release|Any CPU
		{64E0AD96-A105-4E19-8529-3B0973F3EB65}.Release|Any CPU.Build.0 = Release|Any CPU
	EndGlobalSection
	GlobalSection(SolutionProperties) = preSolution
		HideSolutionNode = FALSE
	EndGlobalSection
	GlobalSection(ExtensibilityGlobals) = postSolution
		SolutionGuid = {D8D2EB69-3AB4-47E3-B020-D48A6C90F38C}
	EndGlobalSection
EndGlobal
