
Microsoft Visual Studio Solution File, Format Version 12.00
# Visual Studio Version 16
VisualStudioVersion = 16.0.30104.148
MinimumVisualStudioVersion = 10.0.40219.1
Project("{FAE04EC0-301F-11D3-BF4B-00C04F79EFBC}") = "Rectangle", "Rectangle\Rectangle.csproj", "{456A71AE-F139-467D-9235-449098E55C25}"
EndProject
Global
	GlobalSection(SolutionConfigurationPlatforms) = preSolution
		Debug|Any CPU = Debug|Any CPU
		Release|Any CPU = Release|Any CPU
	EndGlobalSection
	GlobalSection(ProjectConfigurationPlatforms) = postSolution
		{456A71AE-F139-467D-9235-449098E55C25}.Debug|Any CPU.ActiveCfg = Debug|Any CPU
		{456A71AE-F139-467D-9235-449098E55C25}.Debug|Any CPU.Build.0 = Debug|Any CPU
		{456A71AE-F139-467D-9235-449098E55C25}.Release|Any CPU.ActiveCfg = Release|Any CPU
		{456A71AE-F139-467D-9235-449098E55C25}.Release|Any CPU.Build.0 = Release|Any CPU
	EndGlobalSection
	GlobalSection(SolutionProperties) = preSolution
		HideSolutionNode = FALSE
	EndGlobalSection
	GlobalSection(ExtensibilityGlobals) = postSolution
		SolutionGuid = {62FF96F7-8FBD-464E-A1B8-6B33E122B9E6}
	EndGlobalSection
EndGlobal
