
Microsoft Visual Studio Solution File, Format Version 12.00
# Visual Studio Version 16
VisualStudioVersion = 16.0.30104.148
MinimumVisualStudioVersion = 10.0.40219.1
Project("{FAE04EC0-301F-11D3-BF4B-00C04F79EFBC}") = "继承", "继承\继承.csproj", "{795AA8CB-0577-4A50-AB0C-216E8B59B972}"
EndProject
Global
	GlobalSection(SolutionConfigurationPlatforms) = preSolution
		Debug|Any CPU = Debug|Any CPU
		Release|Any CPU = Release|Any CPU
	EndGlobalSection
	GlobalSection(ProjectConfigurationPlatforms) = postSolution
		{795AA8CB-0577-4A50-AB0C-216E8B59B972}.Debug|Any CPU.ActiveCfg = Debug|Any CPU
		{795AA8CB-0577-4A50-AB0C-216E8B59B972}.Debug|Any CPU.Build.0 = Debug|Any CPU
		{795AA8CB-0577-4A50-AB0C-216E8B59B972}.Release|Any CPU.ActiveCfg = Release|Any CPU
		{795AA8CB-0577-4A50-AB0C-216E8B59B972}.Release|Any CPU.Build.0 = Release|Any CPU
	EndGlobalSection
	GlobalSection(SolutionProperties) = preSolution
		HideSolutionNode = FALSE
	EndGlobalSection
	GlobalSection(ExtensibilityGlobals) = postSolution
		SolutionGuid = {A73B3127-57F6-41A3-AB09-09725B036CAB}
	EndGlobalSection
EndGlobal
