
Microsoft Visual Studio Solution File, Format Version 12.00
# Visual Studio Version 16
VisualStudioVersion = 16.0.30104.148
MinimumVisualStudioVersion = 10.0.40219.1
Project("{FAE04EC0-301F-11D3-BF4B-00C04F79EFBC}") = "引用传递参数", "引用传递参数\引用传递参数.csproj", "{57F9DA90-A54B-4C2D-B57F-AF00033B5F72}"
EndProject
Global
	GlobalSection(SolutionConfigurationPlatforms) = preSolution
		Debug|Any CPU = Debug|Any CPU
		Release|Any CPU = Release|Any CPU
	EndGlobalSection
	GlobalSection(ProjectConfigurationPlatforms) = postSolution
		{57F9DA90-A54B-4C2D-B57F-AF00033B5F72}.Debug|Any CPU.ActiveCfg = Debug|Any CPU
		{57F9DA90-A54B-4C2D-B57F-AF00033B5F72}.Debug|Any CPU.Build.0 = Debug|Any CPU
		{57F9DA90-A54B-4C2D-B57F-AF00033B5F72}.Release|Any CPU.ActiveCfg = Release|Any CPU
		{57F9DA90-A54B-4C2D-B57F-AF00033B5F72}.Release|Any CPU.Build.0 = Release|Any CPU
	EndGlobalSection
	GlobalSection(SolutionProperties) = preSolution
		HideSolutionNode = FALSE
	EndGlobalSection
	GlobalSection(ExtensibilityGlobals) = postSolution
		SolutionGuid = {1FE7DABD-3A13-4F93-84F7-30575FDB20FA}
	EndGlobalSection
EndGlobal
